
Microsoft Visual Studio Solution File, Format Version 12.00
# Visual Studio Version 16
VisualStudioVersion = 16.0.31624.102
MinimumVisualStudioVersion = 10.0.40219.1
Project("{FAE04EC0-301F-11D3-BF4B-00C04F79EFBC}") = "ch12ex9", "ch12ex9\ch12ex9.csproj", "{AF4E536E-8E09-43F0-AF1F-0A2F5B04949E}"
EndProject
Global
	GlobalSection(SolutionConfigurationPlatforms) = preSolution
		Debug|Any CPU = Debug|Any CPU
		Release|Any CPU = Release|Any CPU
	EndGlobalSection
	GlobalSection(ProjectConfigurationPlatforms) = postSolution
		{AF4E536E-8E09-43F0-AF1F-0A2F5B04949E}.Debug|Any CPU.ActiveCfg = Debug|Any CPU
		{AF4E536E-8E09-43F0-AF1F-0A2F5B04949E}.Debug|Any CPU.Build.0 = Debug|Any CPU
		{AF4E536E-8E09-43F0-AF1F-0A2F5B04949E}.Release|Any CPU.ActiveCfg = Release|Any CPU
		{AF4E536E-8E09-43F0-AF1F-0A2F5B04949E}.Release|Any CPU.Build.0 = Release|Any CPU
	EndGlobalSection
	GlobalSection(SolutionProperties) = preSolution
		HideSolutionNode = FALSE
	EndGlobalSection
	GlobalSection(ExtensibilityGlobals) = postSolution
		SolutionGuid = {DC8DEABC-E35F-4AD0-8132-CA5F9C7E7EB8}
	EndGlobalSection
EndGlobal
